
Microsoft Visual Studio Solution File, Format Version 12.00
# Visual Studio Version 17
VisualStudioVersion = 17.14.36616.10
MinimumVisualStudioVersion = 10.0.40219.1
Project("{FAE04EC0-301F-11D3-BF4B-00C04F79EFBC}") = "Chhipa Motors", "Chhipa Motors\Chhipa Motors.csproj", "{1E192F87-B140-45A1-B03C-9A0A5034C220}"
EndProject
Project("{FAE04EC0-301F-11D3-BF4B-00C04F79EFBC}") = "GameProjectName", "..\ChhipaMotorsGame\Chhipa Motors\GameProjectName.csproj", "{FEBEF16B-F21B-88A9-B8ED-057C381BEA1B}"
EndProject
Global
	GlobalSection(SolutionConfigurationPlatforms) = preSolution
		Debug|Any CPU = Debug|Any CPU
		Release|Any CPU = Release|Any CPU
	EndGlobalSection
	GlobalSection(ProjectConfigurationPlatforms) = postSolution
		{1E192F87-B140-45A1-B03C-9A0A5034C220}.Debug|Any CPU.ActiveCfg = Debug|Any CPU
		{1E192F87-B140-45A1-B03C-9A0A5034C220}.Debug|Any CPU.Build.0 = Debug|Any CPU
		{1E192F87-B140-45A1-B03C-9A0A5034C220}.Release|Any CPU.ActiveCfg = Release|Any CPU
		{1E192F87-B140-45A1-B03C-9A0A5034C220}.Release|Any CPU.Build.0 = Release|Any CPU
		{FEBEF16B-F21B-88A9-B8ED-057C381BEA1B}.Debug|Any CPU.ActiveCfg = Debug|Any CPU
		{FEBEF16B-F21B-88A9-B8ED-057C381BEA1B}.Debug|Any CPU.Build.0 = Debug|Any CPU
		{FEBEF16B-F21B-88A9-B8ED-057C381BEA1B}.Release|Any CPU.ActiveCfg = Release|Any CPU
		{FEBEF16B-F21B-88A9-B8ED-057C381BEA1B}.Release|Any CPU.Build.0 = Release|Any CPU
	EndGlobalSection
	GlobalSection(SolutionProperties) = preSolution
		HideSolutionNode = FALSE
	EndGlobalSection
	GlobalSection(ExtensibilityGlobals) = postSolution
		SolutionGuid = {A8051ABF-D65C-44A9-8493-F65E142B2D32}
	EndGlobalSection
EndGlobal
